{
  "version": 4,
  "terraform_version": "1.5.6",
  "serial": 201,
  "lineage": "28aba6bc-167c-1dc4-751a-dfc0d3735afb",
  "outputs": {
    "server_public_ip": {
      "value": "54.235.21.245",
      "type": "string"
    }
  },
  "resources": [
    {
      "mode": "data",
      "type": "aws_ami",
      "name": "app_and_web_server",
      "provider": "provider[\"registry.terraform.io/hashicorp/aws\"]",
      "instances": [
        {
          "schema_version": 0,
          "attributes": {
            "architecture": "x86_64",
            "arn": "arn:aws:ec2:us-east-1::image/ami-0588935a949f9ff17",
            "block_device_mappings": [
              {
                "device_name": "/dev/xvda",
                "ebs": {
                  "delete_on_termination": "true",
                  "encrypted": "false",
                  "iops": "0",
                  "snapshot_id": "snap-0c8dd082f09ab0460",
                  "throughput": "0",
                  "volume_size": "8",
                  "volume_type": "gp2"
                },
                "no_device": "",
                "virtual_name": ""
              }
            ],
            "boot_mode": "",
            "creation_date": "2023-11-17T00:57:04.000Z",
            "deprecation_time": "2025-07-01T00:00:00.000Z",
            "description": "Amazon Linux 2 AMI 2.0.20231116.0 x86_64 HVM gp2",
            "ena_support": true,
            "executable_users": null,
            "filter": [
              {
                "name": "name",
                "values": [
                  "amzn2-ami-hvm-*-x86_64-gp2"
                ]
              },
              {
                "name": "virtualization-type",
                "values": [
                  "hvm"
                ]
              }
            ],
            "hypervisor": "xen",
            "id": "ami-0588935a949f9ff17",
            "image_id": "ami-0588935a949f9ff17",
            "image_location": "amazon/amzn2-ami-hvm-2.0.20231116.0-x86_64-gp2",
            "image_owner_alias": "amazon",
            "image_type": "machine",
            "imds_support": "",
            "include_deprecated": false,
            "kernel_id": "",
            "most_recent": true,
            "name": "amzn2-ami-hvm-2.0.20231116.0-x86_64-gp2",
            "name_regex": null,
            "owner_id": "137112412989",
            "owners": [
              "137112412989"
            ],
            "platform": "",
            "platform_details": "Linux/UNIX",
            "product_codes": [],
            "public": true,
            "ramdisk_id": "",
            "root_device_name": "/dev/xvda",
            "root_device_type": "ebs",
            "root_snapshot_id": "snap-0c8dd082f09ab0460",
            "sriov_net_support": "simple",
            "state": "available",
            "state_reason": {
              "code": "UNSET",
              "message": "UNSET"
            },
            "tags": {},
            "timeouts": null,
            "tpm_support": "",
            "usage_operation": "RunInstances",
            "virtualization_type": "hvm"
          },
          "sensitive_attributes": []
        }
      ]
    },
    {
      "mode": "data",
      "type": "aws_iam_policy",
      "name": "policy_ssm_managed_instance_core",
      "provider": "provider[\"registry.terraform.io/hashicorp/aws\"]",
      "instances": [
        {
          "schema_version": 0,
          "attributes": {
            "arn": "arn:aws:iam::aws:policy/AmazonSSMManagedInstanceCore",
            "description": "The policy for Amazon EC2 Role to enable AWS Systems Manager service core functionality.",
            "id": "arn:aws:iam::aws:policy/AmazonSSMManagedInstanceCore",
            "name": "AmazonSSMManagedInstanceCore",
            "path": "/",
            "path_prefix": null,
            "policy": "{\n    \"Version\": \"2012-10-17\",\n    \"Statement\": [\n        {\n            \"Effect\": \"Allow\",\n            \"Action\": [\n                \"ssm:DescribeAssociation\",\n                \"ssm:GetDeployablePatchSnapshotForInstance\",\n                \"ssm:GetDocument\",\n                \"ssm:DescribeDocument\",\n                \"ssm:GetManifest\",\n                \"ssm:GetParameter\",\n                \"ssm:GetParameters\",\n                \"ssm:ListAssociations\",\n                \"ssm:ListInstanceAssociations\",\n                \"ssm:PutInventory\",\n                \"ssm:PutComplianceItems\",\n                \"ssm:PutConfigurePackageResult\",\n                \"ssm:UpdateAssociationStatus\",\n                \"ssm:UpdateInstanceAssociationStatus\",\n                \"ssm:UpdateInstanceInformation\"\n            ],\n            \"Resource\": \"*\"\n        },\n        {\n            \"Effect\": \"Allow\",\n            \"Action\": [\n                \"ssmmessages:CreateControlChannel\",\n                \"ssmmessages:CreateDataChannel\",\n                \"ssmmessages:OpenControlChannel\",\n                \"ssmmessages:OpenDataChannel\"\n            ],\n            \"Resource\": \"*\"\n        },\n        {\n            \"Effect\": \"Allow\",\n            \"Action\": [\n                \"ec2messages:AcknowledgeMessage\",\n                \"ec2messages:DeleteMessage\",\n                \"ec2messages:FailMessage\",\n                \"ec2messages:GetEndpoint\",\n                \"ec2messages:GetMessages\",\n                \"ec2messages:SendReply\"\n            ],\n            \"Resource\": \"*\"\n        }\n    ]\n}",
            "policy_id": "ANPAIXSHM2BNB2D3AXXRU",
            "tags": {}
          },
          "sensitive_attributes": []
        }
      ]
    },
    {
      "mode": "data",
      "type": "aws_iam_policy",
      "name": "policy_ssm_patch",
      "provider": "provider[\"registry.terraform.io/hashicorp/aws\"]",
      "instances": [
        {
          "schema_version": 0,
          "attributes": {
            "arn": "arn:aws:iam::aws:policy/AmazonSSMPatchAssociation",
            "description": "Provide access to child instances for patch association operation.",
            "id": "arn:aws:iam::aws:policy/AmazonSSMPatchAssociation",
            "name": "AmazonSSMPatchAssociation",
            "path": "/",
            "path_prefix": null,
            "policy": "{\n    \"Version\": \"2012-10-17\",\n    \"Statement\": [\n        {\n            \"Effect\": \"Allow\",\n            \"Action\": \"ssm:DescribeEffectivePatchesForPatchBaseline\",\n            \"Resource\": \"arn:aws:ssm:*:*:patchbaseline/*\"\n        },\n        {\n            \"Effect\": \"Allow\",\n            \"Action\": \"ssm:GetPatchBaseline\",\n            \"Resource\": \"arn:aws:ssm:*:*:patchbaseline/*\"\n        },\n        {\n            \"Effect\": \"Allow\",\n            \"Action\": \"tag:GetResources\",\n            \"Resource\": \"*\"\n        },\n        {\n            \"Effect\": \"Allow\",\n            \"Action\": \"ssm:DescribePatchBaselines\",\n            \"Resource\": \"*\"\n        }\n    ]\n}",
            "policy_id": "ANPAZKAPJZG4EWLEL5ZX7",
            "tags": {}
          },
          "sensitive_attributes": []
        }
      ]
    },
    {
      "mode": "data",
      "type": "aws_iam_policy_document",
      "name": "github_actions_assume_role",
      "provider": "provider[\"registry.terraform.io/hashicorp/aws\"]",
      "instances": [
        {
          "schema_version": 0,
          "attributes": {
            "id": "596938118",
            "json": "{\n  \"Version\": \"2012-10-17\",\n  \"Statement\": [\n    {\n      \"Effect\": \"Allow\",\n      \"Action\": \"sts:AssumeRoleWithWebIdentity\",\n      \"Principal\": {\n        \"Federated\": \"arn:aws:iam::536416238943:oidc-provider/token.actions.githubusercontent.com\"\n      },\n      \"Condition\": {\n        \"StringEquals\": {\n          \"token.actions.githubusercontent.com:aud\": \"sts.amazonaws.com\"\n        },\n        \"StringLike\": {\n          \"token.actions.githubusercontent.com:sub\": \"repo:hyango2002/bluewave-*:*\"\n        }\n      }\n    }\n  ]\n}",
            "override_policy_documents": null,
            "policy_id": null,
            "source_policy_documents": null,
            "statement": [
              {
                "actions": [
                  "sts:AssumeRoleWithWebIdentity"
                ],
                "condition": [
                  {
                    "test": "StringEquals",
                    "values": [
                      "sts.amazonaws.com"
                    ],
                    "variable": "token.actions.githubusercontent.com:aud"
                  },
                  {
                    "test": "StringLike",
                    "values": [
                      "repo:hyango2002/bluewave-*:*"
                    ],
                    "variable": "token.actions.githubusercontent.com:sub"
                  }
                ],
                "effect": "Allow",
                "not_actions": [],
                "not_principals": [],
                "not_resources": [],
                "principals": [
                  {
                    "identifiers": [
                      "arn:aws:iam::536416238943:oidc-provider/token.actions.githubusercontent.com"
                    ],
                    "type": "Federated"
                  }
                ],
                "resources": [],
                "sid": ""
              }
            ],
            "version": "2012-10-17"
          },
          "sensitive_attributes": []
        }
      ]
    },
    {
      "mode": "data",
      "type": "http",
      "name": "my_ip",
      "provider": "provider[\"registry.terraform.io/hashicorp/http\"]",
      "instances": [
        {
          "schema_version": 0,
          "attributes": {
            "body": "76.31.247.14\n",
            "ca_cert_pem": null,
            "id": "http://ipv4.icanhazip.com",
            "insecure": null,
            "method": null,
            "request_body": null,
            "request_headers": null,
            "request_timeout_ms": null,
            "response_body": "76.31.247.14\n",
            "response_body_base64": "NzYuMzEuMjQ3LjE0Cg==",
            "response_headers": {
              "Access-Control-Allow-Methods": "GET",
              "Access-Control-Allow-Origin": "*",
              "Alt-Svc": "h3=\":443\"; ma=86400",
              "Cf-Ray": "8282d4e81c06feb2-IAH",
              "Connection": "keep-alive",
              "Content-Length": "13",
              "Content-Type": "text/plain",
              "Date": "Sat, 18 Nov 2023 20:06:02 GMT",
              "Server": "cloudflare",
              "Set-Cookie": "__cf_bm=89j6FSjTPs82YL0Y23LZ8vPCmyxIZPRstY1JqeL2NUU-1700337962-0-ATunWR3TY777qKJV0QhkOct22FwQka5kG51h/gjxDCEqVmG7KrYN88cZtDhxrxadqpPU+ytPmKdjtcma3e4EYEw=; path=/; expires=Sat, 18-Nov-23 20:36:02 GMT; domain=.icanhazip.com; HttpOnly; SameSite=None",
              "Vary": "Accept-Encoding"
            },
            "retry": null,
            "status_code": 200,
            "url": "http://ipv4.icanhazip.com"
          },
          "sensitive_attributes": []
        }
      ]
    },
    {
      "mode": "managed",
      "type": "aws_ecr_repository",
      "name": "bluewave_app",
      "provider": "provider[\"registry.terraform.io/hashicorp/aws\"]",
      "instances": [
        {
          "schema_version": 0,
          "attributes": {
            "arn": "arn:aws:ecr:us-east-1:536416238943:repository/bluewave-app",
            "encryption_configuration": [
              {
                "encryption_type": "AES256",
                "kms_key": ""
              }
            ],
            "force_delete": true,
            "id": "bluewave-app",
            "image_scanning_configuration": [
              {
                "scan_on_push": true
              }
            ],
            "image_tag_mutability": "IMMUTABLE",
            "name": "bluewave-app",
            "registry_id": "536416238943",
            "repository_url": "536416238943.dkr.ecr.us-east-1.amazonaws.com/bluewave-app",
            "tags": {
              "Name": "bluewave-ecr-repo-dev"
            },
            "tags_all": {
              "Name": "bluewave-ecr-repo-dev"
            },
            "timeouts": null
          },
          "sensitive_attributes": [],
          "private": "eyJlMmJmYjczMC1lY2FhLTExZTYtOGY4OC0zNDM2M2JjN2M0YzAiOnsiZGVsZXRlIjoxMjAwMDAwMDAwMDAwfX0="
        }
      ]
    },
    {
      "mode": "managed",
      "type": "aws_iam_instance_profile",
      "name": "ec2_ecr_instance_profile",
      "provider": "provider[\"registry.terraform.io/hashicorp/aws\"]",
      "instances": [
        {
          "schema_version": 0,
          "attributes": {
            "arn": "arn:aws:iam::536416238943:instance-profile/bluewave-instance-profile-dev",
            "create_date": "2023-11-18T20:06:05Z",
            "id": "bluewave-instance-profile-dev",
            "name": "bluewave-instance-profile-dev",
            "name_prefix": "",
            "path": "/",
            "role": "bluewave-ec2-ecr-role-dev",
            "tags": null,
            "tags_all": {},
            "unique_id": "AIPAXZZHGHVPUTOFWFNYT"
          },
          "sensitive_attributes": [],
          "private": "bnVsbA==",
          "dependencies": [
            "aws_iam_role.ec2_ecr_role"
          ]
        }
      ]
    },
    {
      "mode": "managed",
      "type": "aws_iam_openid_connect_provider",
      "name": "github",
      "provider": "provider[\"registry.terraform.io/hashicorp/aws\"]",
      "instances": [
        {
          "schema_version": 0,
          "attributes": {
            "arn": "arn:aws:iam::536416238943:oidc-provider/token.actions.githubusercontent.com",
            "client_id_list": [
              "sts.amazonaws.com"
            ],
            "id": "arn:aws:iam::536416238943:oidc-provider/token.actions.githubusercontent.com",
            "tags": null,
            "tags_all": {},
            "thumbprint_list": [
              "a031c46782e6e6c662c2c87c76da9aa62ccabd8e"
            ],
            "url": "token.actions.githubusercontent.com"
          },
          "sensitive_attributes": [],
          "private": "bnVsbA=="
        }
      ]
    },
    {
      "mode": "managed",
      "type": "aws_iam_policy",
      "name": "ecr_read_policy",
      "provider": "provider[\"registry.terraform.io/hashicorp/aws\"]",
      "instances": [
        {
          "schema_version": 0,
          "attributes": {
            "arn": "arn:aws:iam::536416238943:policy/bluewave-ecr-read-policy-dev",
            "description": "A policy that allows pulling images from ECR.",
            "id": "arn:aws:iam::536416238943:policy/bluewave-ecr-read-policy-dev",
            "name": "bluewave-ecr-read-policy-dev",
            "name_prefix": "",
            "path": "/",
            "policy": "{\"Statement\":[{\"Action\":\"ecr:GetAuthorizationToken\",\"Effect\":\"Allow\",\"Resource\":\"*\"},{\"Action\":[\"ecr:BatchCheckLayerAvailability\",\"ecr:GetDownloadUrlForLayer\",\"ecr:GetRepositoryPolicy\",\"ecr:DescribeRepositories\",\"ecr:ListImages\",\"ecr:DescribeImages\",\"ecr:BatchGetImage\",\"ecr:InitiateLayerUpload\",\"ecr:UploadLayerPart\",\"ecr:CompleteLayerUpload\",\"ecr:PutImage\"],\"Effect\":\"Allow\",\"Resource\":\"arn:aws:ecr:us-east-1:536416238943:repository/bluewave-app\"}],\"Version\":\"2012-10-17\"}",
            "policy_id": "ANPAXZZHGHVPQD5W7X3YC",
            "tags": null,
            "tags_all": {}
          },
          "sensitive_attributes": [],
          "private": "bnVsbA==",
          "dependencies": [
            "aws_ecr_repository.bluewave_app"
          ]
        }
      ]
    },
    {
      "mode": "managed",
      "type": "aws_iam_policy",
      "name": "github_actions_ecr_policy",
      "provider": "provider[\"registry.terraform.io/hashicorp/aws\"]",
      "instances": [
        {
          "schema_version": 0,
          "attributes": {
            "arn": "arn:aws:iam::536416238943:policy/bluewave-github-actions-ecr-access",
            "description": "",
            "id": "arn:aws:iam::536416238943:policy/bluewave-github-actions-ecr-access",
            "name": "bluewave-github-actions-ecr-access",
            "name_prefix": "",
            "path": "/",
            "policy": "{\"Statement\":[{\"Action\":\"secretsmanager:GetSecretValue\",\"Effect\":\"Allow\",\"Resource\":\"arn:aws:secretsmanager:us-east-1:536416238943:secret:bluewave-private-key-dev-oKgoB3\"},{\"Action\":\"ec2:DescribeInstances\",\"Effect\":\"Allow\",\"Resource\":\"*\"},{\"Action\":[\"ecr:GetAuthorizationToken\",\"ecr:BatchCheckLayerAvailability\",\"ecr:GetDownloadUrlForLayer\",\"ecr:GetRepositoryPolicy\",\"ecr:DescribeRepositories\",\"ecr:ListImages\",\"ecr:DescribeImages\",\"ecr:BatchGetImage\",\"ecr:InitiateLayerUpload\",\"ecr:UploadLayerPart\",\"ecr:CompleteLayerUpload\",\"ecr:PutImage\",\"ecr-public:GetAuthorizationToken\",\"sts:GetServiceBearerToken\",\"ecr-public:BatchCheckLayerAvailability\",\"ecr-public:GetRepositoryPolicy\",\"ecr-public:DescribeRepositories\",\"ecr-public:DescribeRegistries\",\"ecr-public:DescribeImages\",\"ecr-public:DescribeImageTags\",\"ecr-public:GetRepositoryCatalogData\",\"ecr-public:GetRegistryCatalogData\"],\"Effect\":\"Allow\",\"Resource\":\"*\"}],\"Version\":\"2012-10-17\"}",
            "policy_id": "ANPAXZZHGHVP7NY3O646G",
            "tags": null,
            "tags_all": {}
          },
          "sensitive_attributes": [],
          "private": "bnVsbA==",
          "dependencies": [
            "aws_secretsmanager_secret.private_key"
          ]
        }
      ]
    },
    {
      "mode": "managed",
      "type": "aws_iam_policy",
      "name": "iam_policy_2",
      "provider": "provider[\"registry.terraform.io/hashicorp/aws\"]",
      "instances": [
        {
          "schema_version": 0,
          "attributes": {
            "arn": "arn:aws:iam::536416238943:policy/bluewave-ec2-additional-policy-dev",
            "description": "",
            "id": "arn:aws:iam::536416238943:policy/bluewave-ec2-additional-policy-dev",
            "name": "bluewave-ec2-additional-policy-dev",
            "name_prefix": "",
            "path": "/",
            "policy": "{\"Statement\":[{\"Action\":[\"ssmmessages:CreateControlChannel\",\"ssmmessages:CreateDataChannel\",\"ssmmessages:OpenControlChannel\",\"ssmmessages:OpenDataChannel\",\"ssm:UpdateInstanceInformation\"],\"Effect\":\"Allow\",\"Resource\":\"*\"},{\"Action\":[\"logs:CreateLogStream\",\"logs:PutLogEvents\",\"logs:DescribeLogGroups\",\"logs:DescribeLogStreams\"],\"Effect\":\"Allow\",\"Resource\":\"*\"},{\"Action\":[\"s3:PutObject\"],\"Effect\":\"Allow\",\"Resource\":\"*\"},{\"Action\":[\"s3:GetEncryptionConfiguration\"],\"Effect\":\"Allow\",\"Resource\":\"*\"},{\"Action\":[\"kms:Decrypt\"],\"Effect\":\"Allow\",\"Resource\":\"*\"},{\"Action\":\"kms:GenerateDataKey\",\"Effect\":\"Allow\",\"Resource\":\"*\"}],\"Version\":\"2012-10-17\"}",
            "policy_id": "ANPAXZZHGHVPXKFNNT6WK",
            "tags": null,
            "tags_all": {}
          },
          "sensitive_attributes": [],
          "private": "bnVsbA=="
        }
      ]
    },
    {
      "mode": "managed",
      "type": "aws_iam_role",
      "name": "ec2_ecr_role",
      "provider": "provider[\"registry.terraform.io/hashicorp/aws\"]",
      "instances": [
        {
          "schema_version": 0,
          "attributes": {
            "arn": "arn:aws:iam::536416238943:role/bluewave-ec2-ecr-role-dev",
            "assume_role_policy": "{\"Statement\":[{\"Action\":\"sts:AssumeRole\",\"Effect\":\"Allow\",\"Principal\":{\"Service\":\"ec2.amazonaws.com\"}}],\"Version\":\"2012-10-17\"}",
            "create_date": "2023-11-18T20:06:05Z",
            "description": "",
            "force_detach_policies": false,
            "id": "bluewave-ec2-ecr-role-dev",
            "inline_policy": [],
            "managed_policy_arns": [],
            "max_session_duration": 3600,
            "name": "bluewave-ec2-ecr-role-dev",
            "name_prefix": "",
            "path": "/",
            "permissions_boundary": "",
            "tags": null,
            "tags_all": {},
            "unique_id": "AROAXZZHGHVPWBI673MWA"
          },
          "sensitive_attributes": [],
          "private": "bnVsbA=="
        }
      ]
    },
    {
      "mode": "managed",
      "type": "aws_iam_role",
      "name": "github_actions",
      "provider": "provider[\"registry.terraform.io/hashicorp/aws\"]",
      "instances": [
        {
          "schema_version": 0,
          "attributes": {
            "arn": "arn:aws:iam::536416238943:role/bluewave-GitHubActionsRole-dev",
            "assume_role_policy": "{\"Statement\":[{\"Action\":\"sts:AssumeRoleWithWebIdentity\",\"Condition\":{\"StringEquals\":{\"token.actions.githubusercontent.com:aud\":\"sts.amazonaws.com\"},\"StringLike\":{\"token.actions.githubusercontent.com:sub\":\"repo:hyango2002/bluewave-*:*\"}},\"Effect\":\"Allow\",\"Principal\":{\"Federated\":\"arn:aws:iam::536416238943:oidc-provider/token.actions.githubusercontent.com\"}}],\"Version\":\"2012-10-17\"}",
            "create_date": "2023-11-18T20:06:05Z",
            "description": "",
            "force_detach_policies": false,
            "id": "bluewave-GitHubActionsRole-dev",
            "inline_policy": [],
            "managed_policy_arns": [],
            "max_session_duration": 3600,
            "name": "bluewave-GitHubActionsRole-dev",
            "name_prefix": "",
            "path": "/",
            "permissions_boundary": "",
            "tags": null,
            "tags_all": {},
            "unique_id": "AROAXZZHGHVP5MP7PVNCT"
          },
          "sensitive_attributes": [],
          "private": "bnVsbA==",
          "dependencies": [
            "aws_iam_openid_connect_provider.github",
            "data.aws_iam_policy_document.github_actions_assume_role"
          ]
        }
      ]
    },
    {
      "mode": "managed",
      "type": "aws_iam_role_policy_attachment",
      "name": "ecr_read_policy_attachment",
      "provider": "provider[\"registry.terraform.io/hashicorp/aws\"]",
      "instances": [
        {
          "schema_version": 0,
          "attributes": {
            "id": "bluewave-ec2-ecr-role-dev-20231118200608911400000005",
            "policy_arn": "arn:aws:iam::536416238943:policy/bluewave-ecr-read-policy-dev",
            "role": "bluewave-ec2-ecr-role-dev"
          },
          "sensitive_attributes": [],
          "private": "bnVsbA==",
          "dependencies": [
            "aws_ecr_repository.bluewave_app",
            "aws_iam_policy.ecr_read_policy",
            "aws_iam_policy.iam_policy_2",
            "aws_iam_role.ec2_ecr_role",
            "aws_iam_role_policy_attachment.iam_policy_2_attachment",
            "aws_iam_role_policy_attachment.ssm_managed_instance_core_attachment",
            "aws_iam_role_policy_attachment.ssm_patch_attachment",
            "data.aws_iam_policy.policy_ssm_managed_instance_core",
            "data.aws_iam_policy.policy_ssm_patch"
          ]
        }
      ]
    },
    {
      "mode": "managed",
      "type": "aws_iam_role_policy_attachment",
      "name": "github_actions_ecr_policy_attachment",
      "provider": "provider[\"registry.terraform.io/hashicorp/aws\"]",
      "instances": [
        {
          "schema_version": 0,
          "attributes": {
            "id": "bluewave-GitHubActionsRole-dev-20231118200608604400000003",
            "policy_arn": "arn:aws:iam::536416238943:policy/bluewave-github-actions-ecr-access",
            "role": "bluewave-GitHubActionsRole-dev"
          },
          "sensitive_attributes": [],
          "private": "bnVsbA==",
          "dependencies": [
            "aws_iam_openid_connect_provider.github",
            "aws_iam_policy.github_actions_ecr_policy",
            "aws_iam_role.github_actions",
            "aws_secretsmanager_secret.private_key",
            "data.aws_iam_policy_document.github_actions_assume_role"
          ]
        }
      ]
    },
    {
      "mode": "managed",
      "type": "aws_iam_role_policy_attachment",
      "name": "iam_policy_2_attachment",
      "provider": "provider[\"registry.terraform.io/hashicorp/aws\"]",
      "instances": [
        {
          "schema_version": 0,
          "attributes": {
            "id": "bluewave-ec2-ecr-role-dev-20231118200608721400000004",
            "policy_arn": "arn:aws:iam::536416238943:policy/bluewave-ec2-additional-policy-dev",
            "role": "bluewave-ec2-ecr-role-dev"
          },
          "sensitive_attributes": [],
          "private": "bnVsbA==",
          "dependencies": [
            "aws_iam_policy.iam_policy_2",
            "aws_iam_role.ec2_ecr_role",
            "aws_iam_role_policy_attachment.ssm_managed_instance_core_attachment",
            "aws_iam_role_policy_attachment.ssm_patch_attachment",
            "data.aws_iam_policy.policy_ssm_managed_instance_core",
            "data.aws_iam_policy.policy_ssm_patch"
          ]
        }
      ]
    },
    {
      "mode": "managed",
      "type": "aws_iam_role_policy_attachment",
      "name": "ssm_managed_instance_core_attachment",
      "provider": "provider[\"registry.terraform.io/hashicorp/aws\"]",
      "instances": [
        {
          "schema_version": 0,
          "attributes": {
            "id": "bluewave-ec2-ecr-role-dev-20231118200608179400000001",
            "policy_arn": "arn:aws:iam::aws:policy/AmazonSSMManagedInstanceCore",
            "role": "bluewave-ec2-ecr-role-dev"
          },
          "sensitive_attributes": [],
          "private": "bnVsbA==",
          "dependencies": [
            "aws_iam_role.ec2_ecr_role",
            "data.aws_iam_policy.policy_ssm_managed_instance_core"
          ]
        }
      ]
    },
    {
      "mode": "managed",
      "type": "aws_iam_role_policy_attachment",
      "name": "ssm_patch_attachment",
      "provider": "provider[\"registry.terraform.io/hashicorp/aws\"]",
      "instances": [
        {
          "schema_version": 0,
          "attributes": {
            "id": "bluewave-ec2-ecr-role-dev-20231118200608522600000002",
            "policy_arn": "arn:aws:iam::aws:policy/AmazonSSMPatchAssociation",
            "role": "bluewave-ec2-ecr-role-dev"
          },
          "sensitive_attributes": [],
          "private": "bnVsbA==",
          "dependencies": [
            "aws_iam_role.ec2_ecr_role",
            "aws_iam_role_policy_attachment.ssm_managed_instance_core_attachment",
            "data.aws_iam_policy.policy_ssm_managed_instance_core",
            "data.aws_iam_policy.policy_ssm_patch"
          ]
        }
      ]
    },
    {
      "mode": "managed",
      "type": "aws_instance",
      "name": "app_and_web_server",
      "provider": "provider[\"registry.terraform.io/hashicorp/aws\"]",
      "instances": [
        {
          "schema_version": 1,
          "attributes": {
            "ami": "ami-0588935a949f9ff17",
            "arn": "arn:aws:ec2:us-east-1:536416238943:instance/i-03e6f7117e18c261e",
            "associate_public_ip_address": true,
            "availability_zone": "us-east-1a",
            "capacity_reservation_specification": [
              {
                "capacity_reservation_preference": "open",
                "capacity_reservation_target": []
              }
            ],
            "cpu_core_count": 1,
            "cpu_options": [
              {
                "amd_sev_snp": "",
                "core_count": 1,
                "threads_per_core": 2
              }
            ],
            "cpu_threads_per_core": 2,
            "credit_specification": [],
            "disable_api_stop": false,
            "disable_api_termination": false,
            "ebs_block_device": [],
            "ebs_optimized": false,
            "enclave_options": [
              {
                "enabled": false
              }
            ],
            "ephemeral_block_device": [],
            "get_password_data": false,
            "hibernation": false,
            "host_id": "",
            "host_resource_group_arn": null,
            "iam_instance_profile": "bluewave-instance-profile-dev",
            "id": "i-03e6f7117e18c261e",
            "instance_initiated_shutdown_behavior": "stop",
            "instance_lifecycle": "",
            "instance_market_options": [],
            "instance_state": "running",
            "instance_type": "r6a.large",
            "ipv6_address_count": 0,
            "ipv6_addresses": [],
            "key_name": "bluewave-kp-dev",
            "launch_template": [],
            "maintenance_options": [
              {
                "auto_recovery": "default"
              }
            ],
            "metadata_options": [
              {
                "http_endpoint": "enabled",
                "http_protocol_ipv6": "disabled",
                "http_put_response_hop_limit": 1,
                "http_tokens": "optional",
                "instance_metadata_tags": "disabled"
              }
            ],
            "monitoring": false,
            "network_interface": [],
            "outpost_arn": "",
            "password_data": "",
            "placement_group": "",
            "placement_partition_number": 0,
            "primary_network_interface_id": "eni-0e71fab84d6291247",
            "private_dns": "ip-10-0-1-246.ec2.internal",
            "private_dns_name_options": [
              {
                "enable_resource_name_dns_a_record": false,
                "enable_resource_name_dns_aaaa_record": false,
                "hostname_type": "ip-name"
              }
            ],
            "private_ip": "10.0.1.246",
            "public_dns": "",
            "public_ip": "54.235.21.245",
            "root_block_device": [
              {
                "delete_on_termination": true,
                "device_name": "/dev/xvda",
                "encrypted": false,
                "iops": 100,
                "kms_key_id": "",
                "tags": null,
                "throughput": 0,
                "volume_id": "vol-045739ebfc20434ad",
                "volume_size": 30,
                "volume_type": "gp2"
              }
            ],
            "secondary_private_ips": [],
            "security_groups": [],
            "source_dest_check": true,
            "spot_instance_request_id": "",
            "subnet_id": "subnet-0249c4ccf906f1678",
            "tags": {
              "Name": "bluewave-app-and-web-server-dev"
            },
            "tags_all": {
              "Name": "bluewave-app-and-web-server-dev"
            },
            "tenancy": "default",
            "timeouts": null,
            "user_data": "08799cd8e42907ead087379a8cbc7c91bd74025f",
            "user_data_base64": null,
            "user_data_replace_on_change": false,
            "volume_tags": null,
            "vpc_security_group_ids": [
              "sg-01f86f6c22b0e7b90"
            ]
          },
          "sensitive_attributes": [],
          "private": "eyJlMmJmYjczMC1lY2FhLTExZTYtOGY4OC0zNDM2M2JjN2M0YzAiOnsiY3JlYXRlIjo2MDAwMDAwMDAwMDAsImRlbGV0ZSI6MTIwMDAwMDAwMDAwMCwidXBkYXRlIjo2MDAwMDAwMDAwMDB9LCJzY2hlbWFfdmVyc2lvbiI6IjEifQ==",
          "dependencies": [
            "aws_ecr_repository.bluewave_app",
            "aws_iam_instance_profile.ec2_ecr_instance_profile",
            "aws_iam_role.ec2_ecr_role",
            "aws_key_pair.deployer",
            "aws_security_group.allow_ssh",
            "aws_subnet.subnet",
            "aws_vpc.main",
            "data.aws_ami.app_and_web_server",
            "data.http.my_ip",
            "tls_private_key.key_pair"
          ]
        }
      ]
    },
    {
      "mode": "managed",
      "type": "aws_internet_gateway",
      "name": "gw",
      "provider": "provider[\"registry.terraform.io/hashicorp/aws\"]",
      "instances": [
        {
          "schema_version": 0,
          "attributes": {
            "arn": "arn:aws:ec2:us-east-1:536416238943:internet-gateway/igw-0cf3ddd70fa4b19fb",
            "id": "igw-0cf3ddd70fa4b19fb",
            "owner_id": "536416238943",
            "tags": null,
            "tags_all": {},
            "timeouts": null,
            "vpc_id": "vpc-019f872a432738057"
          },
          "sensitive_attributes": [],
          "private": "eyJlMmJmYjczMC1lY2FhLTExZTYtOGY4OC0zNDM2M2JjN2M0YzAiOnsiY3JlYXRlIjoxMjAwMDAwMDAwMDAwLCJkZWxldGUiOjEyMDAwMDAwMDAwMDAsInVwZGF0ZSI6MTIwMDAwMDAwMDAwMH19",
          "dependencies": [
            "aws_vpc.main"
          ]
        }
      ]
    },
    {
      "mode": "managed",
      "type": "aws_key_pair",
      "name": "deployer",
      "provider": "provider[\"registry.terraform.io/hashicorp/aws\"]",
      "instances": [
        {
          "schema_version": 1,
          "attributes": {
            "arn": "arn:aws:ec2:us-east-1:536416238943:key-pair/bluewave-kp-dev",
            "fingerprint": "a2:1e:b1:4f:be:9a:37:0a:bd:9a:b5:07:58:c8:96:3a",
            "id": "bluewave-kp-dev",
            "key_name": "bluewave-kp-dev",
            "key_name_prefix": "",
            "key_pair_id": "key-0bafcc50556365588",
            "key_type": "rsa",
            "public_key": "ssh-rsa AAAAB3NzaC1yc2EAAAADAQABAAACAQDm4MwkQlTgUZeo9ypB3fKQbOMVPyKbPiCw3IXyNdOr5AoE/Fcn/yNfU4fdn7MEK/qCyJ7Re05dXzolsrof5v9pAS0hr3Tb15yWJ/gd8pg3w3thFgRIseawwPn/xkEOpYP85hFJuiFej2lYHZVzsQnJqPl0y/ee7MczHJMwnO05O/nzcTVjjepvioMOUbiSkEp/326id+pZ3F5opWpQt3W+XYWZhpTxo16iLX96GjLHMGU6TL3sTW0yc3yCGwfeknkYfLw8c6mwNi/IG+Dpzvp5L+B12QDt47TcZRN3FII55xZTxbvu7SBswr74PZcpoaaMg9spV/7NgwqAvQFJ1KAjR+sdGYENKLofw68zbxHgPg+1GUp2gYJTlDwbIUeyxg29cz/Th+csaLD7zTDXWsnO97NJLGxOwKrgRDleVK573t8h6gnuAx6fY2cgkM2qovqFnT3GF3hhRKg3tJmhg3FpB4wW1sAdlrw7WR9p7vqpenZJRFo5styfufNQYAfyvS/LfQlrlewX4/jGMGXR+sWJyFyEK3qpge0A2s7s/lvKlpoYC58zD7l22xiQ3HbnZSYHE36oTkmJYpKOp5MU6edkZaMZsHOjFw3EXY28vj80pNNOKLh5tGMTaId49pJOSmy1/mqpsBGm/FkqviEuHjqkLu2B/diq835DJIU4gErAow==",
            "tags": null,
            "tags_all": {}
          },
          "sensitive_attributes": [],
          "private": "eyJzY2hlbWFfdmVyc2lvbiI6IjEifQ==",
          "dependencies": [
            "tls_private_key.key_pair"
          ]
        }
      ]
    },
    {
      "mode": "managed",
      "type": "aws_route_table",
      "name": "main",
      "provider": "provider[\"registry.terraform.io/hashicorp/aws\"]",
      "instances": [
        {
          "schema_version": 0,
          "attributes": {
            "arn": "arn:aws:ec2:us-east-1:536416238943:route-table/rtb-06d0e6bab845ebef8",
            "id": "rtb-06d0e6bab845ebef8",
            "owner_id": "536416238943",
            "propagating_vgws": [],
            "route": [
              {
                "carrier_gateway_id": "",
                "cidr_block": "0.0.0.0/0",
                "core_network_arn": "",
                "destination_prefix_list_id": "",
                "egress_only_gateway_id": "",
                "gateway_id": "igw-0cf3ddd70fa4b19fb",
                "ipv6_cidr_block": "",
                "local_gateway_id": "",
                "nat_gateway_id": "",
                "network_interface_id": "",
                "transit_gateway_id": "",
                "vpc_endpoint_id": "",
                "vpc_peering_connection_id": ""
              }
            ],
            "tags": {
              "Name": "bluewave-rt-dev"
            },
            "tags_all": {
              "Name": "bluewave-rt-dev"
            },
            "timeouts": null,
            "vpc_id": "vpc-019f872a432738057"
          },
          "sensitive_attributes": [],
          "private": "eyJlMmJmYjczMC1lY2FhLTExZTYtOGY4OC0zNDM2M2JjN2M0YzAiOnsiY3JlYXRlIjozMDAwMDAwMDAwMDAsImRlbGV0ZSI6MzAwMDAwMDAwMDAwLCJ1cGRhdGUiOjEyMDAwMDAwMDAwMH19",
          "dependencies": [
            "aws_internet_gateway.gw",
            "aws_vpc.main"
          ]
        }
      ]
    },
    {
      "mode": "managed",
      "type": "aws_route_table_association",
      "name": "main",
      "provider": "provider[\"registry.terraform.io/hashicorp/aws\"]",
      "instances": [
        {
          "schema_version": 0,
          "attributes": {
            "gateway_id": "",
            "id": "rtbassoc-014811a63a1fa49bc",
            "route_table_id": "rtb-06d0e6bab845ebef8",
            "subnet_id": "subnet-0249c4ccf906f1678",
            "timeouts": null
          },
          "sensitive_attributes": [],
          "private": "eyJlMmJmYjczMC1lY2FhLTExZTYtOGY4OC0zNDM2M2JjN2M0YzAiOnsiY3JlYXRlIjozMDAwMDAwMDAwMDAsImRlbGV0ZSI6MzAwMDAwMDAwMDAwLCJ1cGRhdGUiOjEyMDAwMDAwMDAwMH19",
          "dependencies": [
            "aws_internet_gateway.gw",
            "aws_route_table.main",
            "aws_subnet.subnet",
            "aws_vpc.main"
          ]
        }
      ]
    },
    {
      "mode": "managed",
      "type": "aws_secretsmanager_secret",
      "name": "private_key",
      "provider": "provider[\"registry.terraform.io/hashicorp/aws\"]",
      "instances": [
        {
          "schema_version": 0,
          "attributes": {
            "arn": "arn:aws:secretsmanager:us-east-1:536416238943:secret:bluewave-private-key-dev-oKgoB3",
            "description": "",
            "force_overwrite_replica_secret": false,
            "id": "arn:aws:secretsmanager:us-east-1:536416238943:secret:bluewave-private-key-dev-oKgoB3",
            "kms_key_id": "",
            "name": "bluewave-private-key-dev",
            "name_prefix": "",
            "policy": "",
            "recovery_window_in_days": 0,
            "replica": [],
            "tags": null,
            "tags_all": {}
          },
          "sensitive_attributes": [],
          "private": "bnVsbA=="
        }
      ]
    },
    {
      "mode": "managed",
      "type": "aws_secretsmanager_secret_version",
      "name": "private_key",
      "provider": "provider[\"registry.terraform.io/hashicorp/aws\"]",
      "instances": [
        {
          "schema_version": 0,
          "attributes": {
            "arn": "arn:aws:secretsmanager:us-east-1:536416238943:secret:bluewave-private-key-dev-oKgoB3",
            "id": "arn:aws:secretsmanager:us-east-1:536416238943:secret:bluewave-private-key-dev-oKgoB3|89A18635-DB75-47FD-B642-A769E2E3FC29",
            "secret_binary": "",
            "secret_id": "arn:aws:secretsmanager:us-east-1:536416238943:secret:bluewave-private-key-dev-oKgoB3",
            "secret_string": "-----BEGIN RSA PRIVATE KEY-----\nMIIJJwIBAAKCAgEA5uDMJEJU4FGXqPcqQd3ykGzjFT8imz4gsNyF8jXTq+QKBPxX\nJ/8jX1OH3Z+zBCv6gsie0XtOXV86JbK6H+b/aQEtIa9029eclif4HfKYN8N7YRYE\nSLHmsMD5/8ZBDqWD/OYRSbohXo9pWB2Vc7EJyaj5dMv3nuzHMxyTMJztOTv583E1\nY43qb4qDDlG4kpBKf99uonfqWdxeaKVqULd1vl2FmYaU8aNeoi1/ehoyxzBlOky9\n7E1tMnN8ghsH3pJ5GHy8PHOpsDYvyBvg6c76eS/gddkA7eO03GUTdxSCOecWU8W7\n7u0gbMK++D2XKaGmjIPbKVf+zYMKgL0BSdSgI0frHRmBDSi6H8OvM28R4D4PtRlK\ndoGCU5Q8GyFHssYNvXM/04fnLGiw+80w11rJzvezSSxsTsCq4EQ5XlSue97fIeoJ\n7gMen2NnIJDNqqL6hZ09xhd4YUSoN7SZoYNxaQeMFtbAHZa8O1kfae76qXp2SURa\nObLcn7nzUGAH8r0vy30Ja5XsF+P4xjBl0frFichchCt6qYHtANrO7P5bypaaGAuf\nMw+5dtsYkNx252UmBxN+qE5JiWKSjqeTFOnnZGWjGbBzoxcNxF2NvL4/NKTTTii4\nebRjE2iHePaSTkpstf5qqbARpvxZKr4hLh46pC7tgf3YqvN+QySFOIBKwKMCAwEA\nAQKCAgAlGIV0ZfwBNtrpWR0/DAxHTFeIOGa1DtxtzmDvM9rYyYEan/jZAlOKo383\nCsvWpcJQdS+fdPJ4ai6LlBX3vkPXeUrpGKnsEM6mCbICDdKLUytlxAXYME1ipP8G\nK7KUSd/VKJoqgG+QI/bHI6m5tv5dmnrKW2Nj86NmAPddXjl3cr2MceokHs9GMLkx\n+ctwMSLnPN0n2aCb455/reRRJ8kRVzF6I3eXA6rW3/yVf9Qc0RfSsDXr29zpuEiP\nFwzCpEI0vwX3qJXhLDOtMV2H86unARxNkxplHqsWpl7kSTVLXGfn+eNiVlNZZkkM\n1ciN9d0uwpjaIbtdBesQGE42sKUx99YCmJ3H46Ol6wzCOO8z3+jtOH8ql5K5tQbN\nYM/1Lfve5BpoB2tZEVH893vGC0i9808859wDBedjK8eadsdRVh1OHqLbO09d6KuE\nl93NaBA/hp/LwhsCZ/pwA3SIPnINMKBJM4m/hb59nc7/o3rXAfR4gxOHAmBvWDcT\nAyWsoHZi237xoiYWiDhBFAY1MECmGc9QTHjdHb8uuC1BEfo8ixhU4OuuUCuhHeeL\nXEr0RNFeLbtFMqjdfSkjNOUqemMiQgmKaTwEvzw2xOwUYw6NFxODYy5mGNBQJcr7\nxt3nNYA9ihcNJafuzLXCmWk7Rv1mVKkR6RYS2msfTUAkrpzU0QKCAQEA6sHSjaIv\ns+J2fsDB9x8vXI+Jx8kwz+snV1L92u3uYo9dc/L33HqLLy9OiU94rYvjb2f4zG0Z\nN62crLSRwYiZmbpByER81Gy90lF9ipyejL0tgK7dGKhLU4EB4AItElauQGGlJm1l\n9smT+oosuLhVeql8rb65ZabLpT8h0PCWWHw9oYRtn7+/7Ngbsz1o2KpNSK2sU3cS\n1mYYL6Z5S2QS5C6F44lP2Vz/SxXLYfSP2JY2YNHcANDiNhNDORfZKdoAuGLh0brt\npmuP87RMWuRQt722FACMZJqRmw2dTT6UFG/CeYfFJE3hEioJJqHuAEutS5xSJAOc\n7KdZdui30hQD7QKCAQEA+8UeCoY2jD3HvSjbbOywziEVc7nkPDsyFCbz9GNxfOXf\nPob1lwSQlE8BM4ZoYCfEPmgw1zK6YAntsf/bo32Y0IfRTadx6F8YXStKvWSz1uRs\nOGMXbsXcyTaTSVJ3Vd5M0zA8A2WOpeEqQVh5TF70iHF5TuM3zpwKbPHB4ZZ3hYu/\nmgd3+o5Z2qn+jR+hCdj0YTXqRvGCxLTYo3np65TnK1MEV25BDu3qa94tGRwS/wdz\nwLEaWB5CYLP+N6yZ2LatzF/cZC5gdxO9QnGxwiWlBFwu8O/o24QFw0lLTa42gXbf\nVR/JiwJW/XlMTYuuY3Km5tUixHy1U5ExunYXln9kzwKCAQBFZShFn/Tz+vTGQVrV\nH03T0caL3WhlfgDyKmFKT11Rm0mn1eH5Nexg9V4E7w4gVyLTMuv0GigDMnoG/5W6\nnROywsFhXwV7ke2G93nh+KxRtDZ4PLi06kLiG1efjWUfb6ow8+xq8Jncmvf4btIL\nhMoX6XQmtCN/7g9y+LeZWRVIcOmTDl+NgpRMghGmKXgN3EHeQyCWx7M015c8trxS\nUfHXq/z+JwAIpBn/ayDlAvNmtfi7JC4hu52zGHydqvQSEBR4bRqN8fEAaflytBCC\nKc3Gkvj47rSRpLN4H00poV8Kr4LQhBb9xVvMD8sGtYVyZuyCVmJdrQe9WTb0FJUK\nL8p9AoIBAC4bgU7oGWFBhyzLKLQf/JkjUexppLSrGpa6M38UHxqCdona6WsIuPmQ\nJmYrPT4uyi+roRYoAh3Ic7Ffa/fa7ntyBBC2k5O8ppeZcAyTPqQiHPeOniH5Nl/b\nEMoiwhwFpAghEzyEAsW6IKTq8Pvdf+bk8RRTZEsAJKCi/aC0j5rzZtlseLp4C1iS\nPT3XBwToqIiM+SSY4hvoCqyVjRNJp7Q1ddwVIvD6/S1X+OZaT9hIoxgs1uhAUmOn\nUu0bPOmFOvrsq03leGEWSli6vZUSk8/ime4h4YEiAnQrHhFR0EWRYYETWzOL8CZn\namPhKsSnoI0xhzZ4qDRvqK2/Jr63Ad0CggEARFUD47+Pcp8imKEC+mlVJwPx5zo4\n1qwwEfjTrPzHtfBCEu2jq86CIanE8FuQIwWXmgsz5djJRS7CzDkLjg9GIbZpRk5G\naVl/amkI7M5/OAIXbMPu3wbYxQAavV2Q0iAlNcwj4TEWK2yH80Uh4f6y5dGDhp1a\nOFe5rdh2EeGUJtXqQtSrMGskO/rJI4iFR85nxGQb6SYRmXRdelGAUpTxNIkjfxbF\nDcTp1ZDwXcb4QKU79CbN35C3lxKH2NtcKZwX/35PMkl3/rVMqri57fXu//Yi36Cm\nrXa48xJVJgYS7UgGNaGC5duacLwlNstKDzKd+WNBdKaYLvrCk6ExtAra0A==\n-----END RSA PRIVATE KEY-----\n",
            "version_id": "89A18635-DB75-47FD-B642-A769E2E3FC29",
            "version_stages": [
              "AWSCURRENT"
            ]
          },
          "sensitive_attributes": [
            [
              {
                "type": "get_attr",
                "value": "secret_string"
              }
            ]
          ],
          "private": "bnVsbA==",
          "dependencies": [
            "aws_secretsmanager_secret.private_key",
            "tls_private_key.key_pair"
          ]
        }
      ]
    },
    {
      "mode": "managed",
      "type": "aws_security_group",
      "name": "allow_ssh",
      "provider": "provider[\"registry.terraform.io/hashicorp/aws\"]",
      "instances": [
        {
          "schema_version": 1,
          "attributes": {
            "arn": "arn:aws:ec2:us-east-1:536416238943:security-group/sg-01f86f6c22b0e7b90",
            "description": "Managed by Terraform",
            "egress": [
              {
                "cidr_blocks": [
                  "0.0.0.0/0"
                ],
                "description": "",
                "from_port": 0,
                "ipv6_cidr_blocks": [],
                "prefix_list_ids": [],
                "protocol": "-1",
                "security_groups": [],
                "self": false,
                "to_port": 0
              }
            ],
            "id": "sg-01f86f6c22b0e7b90",
            "ingress": [
              {
                "cidr_blocks": [
                  "0.0.0.0/0"
                ],
                "description": "",
                "from_port": 22,
                "ipv6_cidr_blocks": [],
                "prefix_list_ids": [],
                "protocol": "tcp",
                "security_groups": [],
                "self": false,
                "to_port": 22
              },
              {
                "cidr_blocks": [
                  "76.31.247.14/32"
                ],
                "description": "",
                "from_port": 8081,
                "ipv6_cidr_blocks": [],
                "prefix_list_ids": [],
                "protocol": "tcp",
                "security_groups": [],
                "self": false,
                "to_port": 8081
              }
            ],
            "name": "terraform-20231118200609253200000006",
            "name_prefix": "terraform-",
            "owner_id": "536416238943",
            "revoke_rules_on_delete": false,
            "tags": {
              "Name": "bluewave-sg-dev"
            },
            "tags_all": {
              "Name": "bluewave-sg-dev"
            },
            "timeouts": null,
            "vpc_id": "vpc-019f872a432738057"
          },
          "sensitive_attributes": [],
          "private": "eyJlMmJmYjczMC1lY2FhLTExZTYtOGY4OC0zNDM2M2JjN2M0YzAiOnsiY3JlYXRlIjo2MDAwMDAwMDAwMDAsImRlbGV0ZSI6OTAwMDAwMDAwMDAwfSwic2NoZW1hX3ZlcnNpb24iOiIxIn0=",
          "dependencies": [
            "aws_vpc.main",
            "data.http.my_ip"
          ]
        }
      ]
    },
    {
      "mode": "managed",
      "type": "aws_subnet",
      "name": "subnet",
      "provider": "provider[\"registry.terraform.io/hashicorp/aws\"]",
      "instances": [
        {
          "schema_version": 1,
          "attributes": {
            "arn": "arn:aws:ec2:us-east-1:536416238943:subnet/subnet-0249c4ccf906f1678",
            "assign_ipv6_address_on_creation": false,
            "availability_zone": "us-east-1a",
            "availability_zone_id": "use1-az4",
            "cidr_block": "10.0.1.0/24",
            "customer_owned_ipv4_pool": "",
            "enable_dns64": false,
            "enable_lni_at_device_index": 0,
            "enable_resource_name_dns_a_record_on_launch": false,
            "enable_resource_name_dns_aaaa_record_on_launch": false,
            "id": "subnet-0249c4ccf906f1678",
            "ipv6_cidr_block": "",
            "ipv6_cidr_block_association_id": "",
            "ipv6_native": false,
            "map_customer_owned_ip_on_launch": false,
            "map_public_ip_on_launch": true,
            "outpost_arn": "",
            "owner_id": "536416238943",
            "private_dns_hostname_type_on_launch": "ip-name",
            "tags": {
              "Name": "bluewave-subnet-dev"
            },
            "tags_all": {
              "Name": "bluewave-subnet-dev"
            },
            "timeouts": null,
            "vpc_id": "vpc-019f872a432738057"
          },
          "sensitive_attributes": [],
          "private": "eyJlMmJmYjczMC1lY2FhLTExZTYtOGY4OC0zNDM2M2JjN2M0YzAiOnsiY3JlYXRlIjo2MDAwMDAwMDAwMDAsImRlbGV0ZSI6MTIwMDAwMDAwMDAwMH0sInNjaGVtYV92ZXJzaW9uIjoiMSJ9",
          "dependencies": [
            "aws_vpc.main"
          ]
        }
      ]
    },
    {
      "mode": "managed",
      "type": "aws_vpc",
      "name": "main",
      "provider": "provider[\"registry.terraform.io/hashicorp/aws\"]",
      "instances": [
        {
          "schema_version": 1,
          "attributes": {
            "arn": "arn:aws:ec2:us-east-1:536416238943:vpc/vpc-019f872a432738057",
            "assign_generated_ipv6_cidr_block": false,
            "cidr_block": "10.0.0.0/16",
            "default_network_acl_id": "acl-0fe408cc101d62edd",
            "default_route_table_id": "rtb-0e5f61512b2cd46fd",
            "default_security_group_id": "sg-07ea30ff7b79c260e",
            "dhcp_options_id": "dopt-03d17cb26a9228370",
            "enable_dns_hostnames": false,
            "enable_dns_support": true,
            "enable_network_address_usage_metrics": false,
            "id": "vpc-019f872a432738057",
            "instance_tenancy": "default",
            "ipv4_ipam_pool_id": null,
            "ipv4_netmask_length": null,
            "ipv6_association_id": "",
            "ipv6_cidr_block": "",
            "ipv6_cidr_block_network_border_group": "",
            "ipv6_ipam_pool_id": "",
            "ipv6_netmask_length": 0,
            "main_route_table_id": "rtb-0e5f61512b2cd46fd",
            "owner_id": "536416238943",
            "tags": {
              "Name": "bluewave-vpc-dev"
            },
            "tags_all": {
              "Name": "bluewave-vpc-dev"
            }
          },
          "sensitive_attributes": [],
          "private": "eyJzY2hlbWFfdmVyc2lvbiI6IjEifQ=="
        }
      ]
    },
    {
      "mode": "managed",
      "type": "local_file",
      "name": "private_key",
      "provider": "provider[\"registry.terraform.io/hashicorp/local\"]",
      "instances": [
        {
          "schema_version": 0,
          "attributes": {
            "content": "-----BEGIN RSA PRIVATE KEY-----\nMIIJJwIBAAKCAgEA5uDMJEJU4FGXqPcqQd3ykGzjFT8imz4gsNyF8jXTq+QKBPxX\nJ/8jX1OH3Z+zBCv6gsie0XtOXV86JbK6H+b/aQEtIa9029eclif4HfKYN8N7YRYE\nSLHmsMD5/8ZBDqWD/OYRSbohXo9pWB2Vc7EJyaj5dMv3nuzHMxyTMJztOTv583E1\nY43qb4qDDlG4kpBKf99uonfqWdxeaKVqULd1vl2FmYaU8aNeoi1/ehoyxzBlOky9\n7E1tMnN8ghsH3pJ5GHy8PHOpsDYvyBvg6c76eS/gddkA7eO03GUTdxSCOecWU8W7\n7u0gbMK++D2XKaGmjIPbKVf+zYMKgL0BSdSgI0frHRmBDSi6H8OvM28R4D4PtRlK\ndoGCU5Q8GyFHssYNvXM/04fnLGiw+80w11rJzvezSSxsTsCq4EQ5XlSue97fIeoJ\n7gMen2NnIJDNqqL6hZ09xhd4YUSoN7SZoYNxaQeMFtbAHZa8O1kfae76qXp2SURa\nObLcn7nzUGAH8r0vy30Ja5XsF+P4xjBl0frFichchCt6qYHtANrO7P5bypaaGAuf\nMw+5dtsYkNx252UmBxN+qE5JiWKSjqeTFOnnZGWjGbBzoxcNxF2NvL4/NKTTTii4\nebRjE2iHePaSTkpstf5qqbARpvxZKr4hLh46pC7tgf3YqvN+QySFOIBKwKMCAwEA\nAQKCAgAlGIV0ZfwBNtrpWR0/DAxHTFeIOGa1DtxtzmDvM9rYyYEan/jZAlOKo383\nCsvWpcJQdS+fdPJ4ai6LlBX3vkPXeUrpGKnsEM6mCbICDdKLUytlxAXYME1ipP8G\nK7KUSd/VKJoqgG+QI/bHI6m5tv5dmnrKW2Nj86NmAPddXjl3cr2MceokHs9GMLkx\n+ctwMSLnPN0n2aCb455/reRRJ8kRVzF6I3eXA6rW3/yVf9Qc0RfSsDXr29zpuEiP\nFwzCpEI0vwX3qJXhLDOtMV2H86unARxNkxplHqsWpl7kSTVLXGfn+eNiVlNZZkkM\n1ciN9d0uwpjaIbtdBesQGE42sKUx99YCmJ3H46Ol6wzCOO8z3+jtOH8ql5K5tQbN\nYM/1Lfve5BpoB2tZEVH893vGC0i9808859wDBedjK8eadsdRVh1OHqLbO09d6KuE\nl93NaBA/hp/LwhsCZ/pwA3SIPnINMKBJM4m/hb59nc7/o3rXAfR4gxOHAmBvWDcT\nAyWsoHZi237xoiYWiDhBFAY1MECmGc9QTHjdHb8uuC1BEfo8ixhU4OuuUCuhHeeL\nXEr0RNFeLbtFMqjdfSkjNOUqemMiQgmKaTwEvzw2xOwUYw6NFxODYy5mGNBQJcr7\nxt3nNYA9ihcNJafuzLXCmWk7Rv1mVKkR6RYS2msfTUAkrpzU0QKCAQEA6sHSjaIv\ns+J2fsDB9x8vXI+Jx8kwz+snV1L92u3uYo9dc/L33HqLLy9OiU94rYvjb2f4zG0Z\nN62crLSRwYiZmbpByER81Gy90lF9ipyejL0tgK7dGKhLU4EB4AItElauQGGlJm1l\n9smT+oosuLhVeql8rb65ZabLpT8h0PCWWHw9oYRtn7+/7Ngbsz1o2KpNSK2sU3cS\n1mYYL6Z5S2QS5C6F44lP2Vz/SxXLYfSP2JY2YNHcANDiNhNDORfZKdoAuGLh0brt\npmuP87RMWuRQt722FACMZJqRmw2dTT6UFG/CeYfFJE3hEioJJqHuAEutS5xSJAOc\n7KdZdui30hQD7QKCAQEA+8UeCoY2jD3HvSjbbOywziEVc7nkPDsyFCbz9GNxfOXf\nPob1lwSQlE8BM4ZoYCfEPmgw1zK6YAntsf/bo32Y0IfRTadx6F8YXStKvWSz1uRs\nOGMXbsXcyTaTSVJ3Vd5M0zA8A2WOpeEqQVh5TF70iHF5TuM3zpwKbPHB4ZZ3hYu/\nmgd3+o5Z2qn+jR+hCdj0YTXqRvGCxLTYo3np65TnK1MEV25BDu3qa94tGRwS/wdz\nwLEaWB5CYLP+N6yZ2LatzF/cZC5gdxO9QnGxwiWlBFwu8O/o24QFw0lLTa42gXbf\nVR/JiwJW/XlMTYuuY3Km5tUixHy1U5ExunYXln9kzwKCAQBFZShFn/Tz+vTGQVrV\nH03T0caL3WhlfgDyKmFKT11Rm0mn1eH5Nexg9V4E7w4gVyLTMuv0GigDMnoG/5W6\nnROywsFhXwV7ke2G93nh+KxRtDZ4PLi06kLiG1efjWUfb6ow8+xq8Jncmvf4btIL\nhMoX6XQmtCN/7g9y+LeZWRVIcOmTDl+NgpRMghGmKXgN3EHeQyCWx7M015c8trxS\nUfHXq/z+JwAIpBn/ayDlAvNmtfi7JC4hu52zGHydqvQSEBR4bRqN8fEAaflytBCC\nKc3Gkvj47rSRpLN4H00poV8Kr4LQhBb9xVvMD8sGtYVyZuyCVmJdrQe9WTb0FJUK\nL8p9AoIBAC4bgU7oGWFBhyzLKLQf/JkjUexppLSrGpa6M38UHxqCdona6WsIuPmQ\nJmYrPT4uyi+roRYoAh3Ic7Ffa/fa7ntyBBC2k5O8ppeZcAyTPqQiHPeOniH5Nl/b\nEMoiwhwFpAghEzyEAsW6IKTq8Pvdf+bk8RRTZEsAJKCi/aC0j5rzZtlseLp4C1iS\nPT3XBwToqIiM+SSY4hvoCqyVjRNJp7Q1ddwVIvD6/S1X+OZaT9hIoxgs1uhAUmOn\nUu0bPOmFOvrsq03leGEWSli6vZUSk8/ime4h4YEiAnQrHhFR0EWRYYETWzOL8CZn\namPhKsSnoI0xhzZ4qDRvqK2/Jr63Ad0CggEARFUD47+Pcp8imKEC+mlVJwPx5zo4\n1qwwEfjTrPzHtfBCEu2jq86CIanE8FuQIwWXmgsz5djJRS7CzDkLjg9GIbZpRk5G\naVl/amkI7M5/OAIXbMPu3wbYxQAavV2Q0iAlNcwj4TEWK2yH80Uh4f6y5dGDhp1a\nOFe5rdh2EeGUJtXqQtSrMGskO/rJI4iFR85nxGQb6SYRmXRdelGAUpTxNIkjfxbF\nDcTp1ZDwXcb4QKU79CbN35C3lxKH2NtcKZwX/35PMkl3/rVMqri57fXu//Yi36Cm\nrXa48xJVJgYS7UgGNaGC5duacLwlNstKDzKd+WNBdKaYLvrCk6ExtAra0A==\n-----END RSA PRIVATE KEY-----\n",
            "content_base64": null,
            "content_base64sha256": "IrGJNPOhlziYun2WZWzMdK1jhpmnovnyZvfcxeBbN00=",
            "content_base64sha512": "y3fUnj86zRzDeDIEFyBaTXXBHWKs/jAWUyLhqKdUsnc6gATGO4PUw3/G3ytLdbxHrNAIrJBartosx5VdEE1s0g==",
            "content_md5": "8eb75b645cecf1071d2eafa31a9dc965",
            "content_sha1": "21539428fd5b2a2d462fd7b2ad45ed5e43c3f5b4",
            "content_sha256": "22b18934f3a1973898ba7d96656ccc74ad638699a7a2f9f266f7dcc5e05b374d",
            "content_sha512": "cb77d49e3f3acd1cc378320417205a4d75c11d62acfe30165322e1a8a754b2773a8004c63b83d4c37fc6df2b4b75bc47acd008ac905aaeda2cc7955d104d6cd2",
            "directory_permission": "0777",
            "file_permission": "0600",
            "filename": "./../ssh_key.pem",
            "id": "21539428fd5b2a2d462fd7b2ad45ed5e43c3f5b4",
            "sensitive_content": null,
            "source": null
          },
          "sensitive_attributes": [
            [
              {
                "type": "get_attr",
                "value": "content"
              }
            ]
          ],
          "dependencies": [
            "tls_private_key.key_pair"
          ]
        }
      ]
    },
    {
      "mode": "managed",
      "type": "tls_private_key",
      "name": "key_pair",
      "provider": "provider[\"registry.terraform.io/hashicorp/tls\"]",
      "instances": [
        {
          "schema_version": 1,
          "attributes": {
            "algorithm": "RSA",
            "ecdsa_curve": "P224",
            "id": "25f3bf634d2c0b56bd11be6ce23b33bb1d1f1b88",
            "private_key_openssh": "-----BEGIN OPENSSH PRIVATE KEY-----\nb3BlbnNzaC1rZXktdjEAAAAABG5vbmUAAAAEbm9uZQAAAAAAAAABAAACFwAAAAdz\nc2gtcnNhAAAAAwEAAQAAAgEA5uDMJEJU4FGXqPcqQd3ykGzjFT8imz4gsNyF8jXT\nq+QKBPxXJ/8jX1OH3Z+zBCv6gsie0XtOXV86JbK6H+b/aQEtIa9029eclif4HfKY\nN8N7YRYESLHmsMD5/8ZBDqWD/OYRSbohXo9pWB2Vc7EJyaj5dMv3nuzHMxyTMJzt\nOTv583E1Y43qb4qDDlG4kpBKf99uonfqWdxeaKVqULd1vl2FmYaU8aNeoi1/ehoy\nxzBlOky97E1tMnN8ghsH3pJ5GHy8PHOpsDYvyBvg6c76eS/gddkA7eO03GUTdxSC\nOecWU8W77u0gbMK++D2XKaGmjIPbKVf+zYMKgL0BSdSgI0frHRmBDSi6H8OvM28R\n4D4PtRlKdoGCU5Q8GyFHssYNvXM/04fnLGiw+80w11rJzvezSSxsTsCq4EQ5XlSu\ne97fIeoJ7gMen2NnIJDNqqL6hZ09xhd4YUSoN7SZoYNxaQeMFtbAHZa8O1kfae76\nqXp2SURaObLcn7nzUGAH8r0vy30Ja5XsF+P4xjBl0frFichchCt6qYHtANrO7P5b\nypaaGAufMw+5dtsYkNx252UmBxN+qE5JiWKSjqeTFOnnZGWjGbBzoxcNxF2NvL4/\nNKTTTii4ebRjE2iHePaSTkpstf5qqbARpvxZKr4hLh46pC7tgf3YqvN+QySFOIBK\nwKMAAAc43IP8m9yD/JsAAAAHc3NoLXJzYQAAAgEA5uDMJEJU4FGXqPcqQd3ykGzj\nFT8imz4gsNyF8jXTq+QKBPxXJ/8jX1OH3Z+zBCv6gsie0XtOXV86JbK6H+b/aQEt\nIa9029eclif4HfKYN8N7YRYESLHmsMD5/8ZBDqWD/OYRSbohXo9pWB2Vc7EJyaj5\ndMv3nuzHMxyTMJztOTv583E1Y43qb4qDDlG4kpBKf99uonfqWdxeaKVqULd1vl2F\nmYaU8aNeoi1/ehoyxzBlOky97E1tMnN8ghsH3pJ5GHy8PHOpsDYvyBvg6c76eS/g\nddkA7eO03GUTdxSCOecWU8W77u0gbMK++D2XKaGmjIPbKVf+zYMKgL0BSdSgI0fr\nHRmBDSi6H8OvM28R4D4PtRlKdoGCU5Q8GyFHssYNvXM/04fnLGiw+80w11rJzvez\nSSxsTsCq4EQ5XlSue97fIeoJ7gMen2NnIJDNqqL6hZ09xhd4YUSoN7SZoYNxaQeM\nFtbAHZa8O1kfae76qXp2SURaObLcn7nzUGAH8r0vy30Ja5XsF+P4xjBl0frFichc\nhCt6qYHtANrO7P5bypaaGAufMw+5dtsYkNx252UmBxN+qE5JiWKSjqeTFOnnZGWj\nGbBzoxcNxF2NvL4/NKTTTii4ebRjE2iHePaSTkpstf5qqbARpvxZKr4hLh46pC7t\ngf3YqvN+QySFOIBKwKMAAAADAQABAAACACUYhXRl/AE22ulZHT8MDEdMV4g4ZrUO\n3G3OYO8z2tjJgRqf+NkCU4qjfzcKy9alwlB1L5908nhqLouUFfe+Q9d5SukYqewQ\nzqYJsgIN0otTK2XEBdgwTWKk/wYrspRJ39UomiqAb5Aj9scjqbm2/l2aespbY2Pz\no2YA911eOXdyvYxx6iQez0YwuTH5y3AxIuc83SfZoJvjnn+t5FEnyRFXMXojd5cD\nqtbf/JV/1BzRF9KwNevb3Om4SI8XDMKkQjS/BfeoleEsM60xXYfzq6cBHE2TGmUe\nqxamXuRJNUtcZ+f542JWU1lmSQzVyI313S7CmNohu10F6xAYTjawpTH31gKYncfj\no6XrDMI47zPf6O04fyqXkrm1Bs1gz/Ut+97kGmgHa1kRUfz3e8YLSL3zTzzn3AMF\n52Mrx5p2x1FWHU4eots7T13oq4SX3c1oED+Gn8vCGwJn+nADdIg+cg0woEkzib+F\nvn2dzv+jetcB9HiDE4cCYG9YNxMDJaygdmLbfvGiJhaIOEEUBjUwQKYZz1BMeN0d\nvy64LUER+jyLGFTg665QK6Ed54tcSvRE0V4tu0UyqN19KSM05Sp6YyJCCYppPAS/\nPDbE7BRjDo0XE4NjLmYY0FAlyvvG3ec1gD2KFw0lp+7MtcKZaTtG/WZUqRHpFhLa\nax9NQCSunNTRAAABAERVA+O/j3KfIpihAvppVScD8ec6ONasMBH406z8x7XwQhLt\no6vOgiGpxPBbkCMFl5oLM+XYyUUuwsw5C44PRiG2aUZORmlZf2ppCOzOfzgCF2zD\n7t8G2MUAGr1dkNIgJTXMI+ExFitsh/NFIeH+suXRg4adWjhXua3YdhHhlCbV6kLU\nqzBrJDv6ySOIhUfOZ8RkG+kmEZl0XXpRgFKU8TSJI38WxQ3E6dWQ8F3G+EClO/Qm\nzd+Qt5cSh9jbXCmcF/9+TzJJd/61TKq4ue317v/2It+gpq12uPMSVSYGEu1IBjWh\nguXbmnC8JTbLSg8ynfljQXSmmC76wpOhMbQK2tAAAAEBAOrB0o2iL7Pidn7Awfcf\nL1yPicfJMM/rJ1dS/drt7mKPXXPy99x6iy8vTolPeK2L429n+MxtGTetnKy0kcGI\nmZm6QchEfNRsvdJRfYqcnoy9LYCu3RioS1OBAeACLRJWrkBhpSZtZfbJk/qKLLi4\nVXqpfK2+uWWmy6U/IdDwllh8PaGEbZ+/v+zYG7M9aNiqTUitrFN3EtZmGC+meUtk\nEuQuheOJT9lc/0sVy2H0j9iWNmDR3ADQ4jYTQzkX2SnaALhi4dG67aZrj/O0TFrk\nULe9thQAjGSakZsNnU0+lBRvwnmHxSRN4RIqCSah7gBLrUucUiQDnOynWXbot9IU\nA+0AAAEBAPvFHgqGNow9x70o22zssM4hFXO55Dw7MhQm8/RjcXzl3z6G9ZcEkJRP\nATOGaGAnxD5oMNcyumAJ7bH/26N9mNCH0U2ncehfGF0rSr1ks9bkbDhjF27F3Mk2\nk0lSd1XeTNMwPANljqXhKkFYeUxe9IhxeU7jN86cCmzxweGWd4WLv5oHd/qOWdqp\n/o0foQnY9GE16kbxgsS02KN56euU5ytTBFduQQ7t6mveLRkcEv8Hc8CxGlgeQmCz\n/jesmdi2rcxf3GQuYHcTvUJxscIlpQRcLvDv6NuEBcNJS02uNoF231UfyYsCVv15\nTE2LrmNypubVIsR8tVORMbp2F5Z/ZM8AAAAAAQID\n-----END OPENSSH PRIVATE KEY-----\n",
            "private_key_pem": "-----BEGIN RSA PRIVATE KEY-----\nMIIJJwIBAAKCAgEA5uDMJEJU4FGXqPcqQd3ykGzjFT8imz4gsNyF8jXTq+QKBPxX\nJ/8jX1OH3Z+zBCv6gsie0XtOXV86JbK6H+b/aQEtIa9029eclif4HfKYN8N7YRYE\nSLHmsMD5/8ZBDqWD/OYRSbohXo9pWB2Vc7EJyaj5dMv3nuzHMxyTMJztOTv583E1\nY43qb4qDDlG4kpBKf99uonfqWdxeaKVqULd1vl2FmYaU8aNeoi1/ehoyxzBlOky9\n7E1tMnN8ghsH3pJ5GHy8PHOpsDYvyBvg6c76eS/gddkA7eO03GUTdxSCOecWU8W7\n7u0gbMK++D2XKaGmjIPbKVf+zYMKgL0BSdSgI0frHRmBDSi6H8OvM28R4D4PtRlK\ndoGCU5Q8GyFHssYNvXM/04fnLGiw+80w11rJzvezSSxsTsCq4EQ5XlSue97fIeoJ\n7gMen2NnIJDNqqL6hZ09xhd4YUSoN7SZoYNxaQeMFtbAHZa8O1kfae76qXp2SURa\nObLcn7nzUGAH8r0vy30Ja5XsF+P4xjBl0frFichchCt6qYHtANrO7P5bypaaGAuf\nMw+5dtsYkNx252UmBxN+qE5JiWKSjqeTFOnnZGWjGbBzoxcNxF2NvL4/NKTTTii4\nebRjE2iHePaSTkpstf5qqbARpvxZKr4hLh46pC7tgf3YqvN+QySFOIBKwKMCAwEA\nAQKCAgAlGIV0ZfwBNtrpWR0/DAxHTFeIOGa1DtxtzmDvM9rYyYEan/jZAlOKo383\nCsvWpcJQdS+fdPJ4ai6LlBX3vkPXeUrpGKnsEM6mCbICDdKLUytlxAXYME1ipP8G\nK7KUSd/VKJoqgG+QI/bHI6m5tv5dmnrKW2Nj86NmAPddXjl3cr2MceokHs9GMLkx\n+ctwMSLnPN0n2aCb455/reRRJ8kRVzF6I3eXA6rW3/yVf9Qc0RfSsDXr29zpuEiP\nFwzCpEI0vwX3qJXhLDOtMV2H86unARxNkxplHqsWpl7kSTVLXGfn+eNiVlNZZkkM\n1ciN9d0uwpjaIbtdBesQGE42sKUx99YCmJ3H46Ol6wzCOO8z3+jtOH8ql5K5tQbN\nYM/1Lfve5BpoB2tZEVH893vGC0i9808859wDBedjK8eadsdRVh1OHqLbO09d6KuE\nl93NaBA/hp/LwhsCZ/pwA3SIPnINMKBJM4m/hb59nc7/o3rXAfR4gxOHAmBvWDcT\nAyWsoHZi237xoiYWiDhBFAY1MECmGc9QTHjdHb8uuC1BEfo8ixhU4OuuUCuhHeeL\nXEr0RNFeLbtFMqjdfSkjNOUqemMiQgmKaTwEvzw2xOwUYw6NFxODYy5mGNBQJcr7\nxt3nNYA9ihcNJafuzLXCmWk7Rv1mVKkR6RYS2msfTUAkrpzU0QKCAQEA6sHSjaIv\ns+J2fsDB9x8vXI+Jx8kwz+snV1L92u3uYo9dc/L33HqLLy9OiU94rYvjb2f4zG0Z\nN62crLSRwYiZmbpByER81Gy90lF9ipyejL0tgK7dGKhLU4EB4AItElauQGGlJm1l\n9smT+oosuLhVeql8rb65ZabLpT8h0PCWWHw9oYRtn7+/7Ngbsz1o2KpNSK2sU3cS\n1mYYL6Z5S2QS5C6F44lP2Vz/SxXLYfSP2JY2YNHcANDiNhNDORfZKdoAuGLh0brt\npmuP87RMWuRQt722FACMZJqRmw2dTT6UFG/CeYfFJE3hEioJJqHuAEutS5xSJAOc\n7KdZdui30hQD7QKCAQEA+8UeCoY2jD3HvSjbbOywziEVc7nkPDsyFCbz9GNxfOXf\nPob1lwSQlE8BM4ZoYCfEPmgw1zK6YAntsf/bo32Y0IfRTadx6F8YXStKvWSz1uRs\nOGMXbsXcyTaTSVJ3Vd5M0zA8A2WOpeEqQVh5TF70iHF5TuM3zpwKbPHB4ZZ3hYu/\nmgd3+o5Z2qn+jR+hCdj0YTXqRvGCxLTYo3np65TnK1MEV25BDu3qa94tGRwS/wdz\nwLEaWB5CYLP+N6yZ2LatzF/cZC5gdxO9QnGxwiWlBFwu8O/o24QFw0lLTa42gXbf\nVR/JiwJW/XlMTYuuY3Km5tUixHy1U5ExunYXln9kzwKCAQBFZShFn/Tz+vTGQVrV\nH03T0caL3WhlfgDyKmFKT11Rm0mn1eH5Nexg9V4E7w4gVyLTMuv0GigDMnoG/5W6\nnROywsFhXwV7ke2G93nh+KxRtDZ4PLi06kLiG1efjWUfb6ow8+xq8Jncmvf4btIL\nhMoX6XQmtCN/7g9y+LeZWRVIcOmTDl+NgpRMghGmKXgN3EHeQyCWx7M015c8trxS\nUfHXq/z+JwAIpBn/ayDlAvNmtfi7JC4hu52zGHydqvQSEBR4bRqN8fEAaflytBCC\nKc3Gkvj47rSRpLN4H00poV8Kr4LQhBb9xVvMD8sGtYVyZuyCVmJdrQe9WTb0FJUK\nL8p9AoIBAC4bgU7oGWFBhyzLKLQf/JkjUexppLSrGpa6M38UHxqCdona6WsIuPmQ\nJmYrPT4uyi+roRYoAh3Ic7Ffa/fa7ntyBBC2k5O8ppeZcAyTPqQiHPeOniH5Nl/b\nEMoiwhwFpAghEzyEAsW6IKTq8Pvdf+bk8RRTZEsAJKCi/aC0j5rzZtlseLp4C1iS\nPT3XBwToqIiM+SSY4hvoCqyVjRNJp7Q1ddwVIvD6/S1X+OZaT9hIoxgs1uhAUmOn\nUu0bPOmFOvrsq03leGEWSli6vZUSk8/ime4h4YEiAnQrHhFR0EWRYYETWzOL8CZn\namPhKsSnoI0xhzZ4qDRvqK2/Jr63Ad0CggEARFUD47+Pcp8imKEC+mlVJwPx5zo4\n1qwwEfjTrPzHtfBCEu2jq86CIanE8FuQIwWXmgsz5djJRS7CzDkLjg9GIbZpRk5G\naVl/amkI7M5/OAIXbMPu3wbYxQAavV2Q0iAlNcwj4TEWK2yH80Uh4f6y5dGDhp1a\nOFe5rdh2EeGUJtXqQtSrMGskO/rJI4iFR85nxGQb6SYRmXRdelGAUpTxNIkjfxbF\nDcTp1ZDwXcb4QKU79CbN35C3lxKH2NtcKZwX/35PMkl3/rVMqri57fXu//Yi36Cm\nrXa48xJVJgYS7UgGNaGC5duacLwlNstKDzKd+WNBdKaYLvrCk6ExtAra0A==\n-----END RSA PRIVATE KEY-----\n",
            "private_key_pem_pkcs8": "-----BEGIN PRIVATE KEY-----\nMIIJQQIBADANBgkqhkiG9w0BAQEFAASCCSswggknAgEAAoICAQDm4MwkQlTgUZeo\n9ypB3fKQbOMVPyKbPiCw3IXyNdOr5AoE/Fcn/yNfU4fdn7MEK/qCyJ7Re05dXzol\nsrof5v9pAS0hr3Tb15yWJ/gd8pg3w3thFgRIseawwPn/xkEOpYP85hFJuiFej2lY\nHZVzsQnJqPl0y/ee7MczHJMwnO05O/nzcTVjjepvioMOUbiSkEp/326id+pZ3F5o\npWpQt3W+XYWZhpTxo16iLX96GjLHMGU6TL3sTW0yc3yCGwfeknkYfLw8c6mwNi/I\nG+Dpzvp5L+B12QDt47TcZRN3FII55xZTxbvu7SBswr74PZcpoaaMg9spV/7NgwqA\nvQFJ1KAjR+sdGYENKLofw68zbxHgPg+1GUp2gYJTlDwbIUeyxg29cz/Th+csaLD7\nzTDXWsnO97NJLGxOwKrgRDleVK573t8h6gnuAx6fY2cgkM2qovqFnT3GF3hhRKg3\ntJmhg3FpB4wW1sAdlrw7WR9p7vqpenZJRFo5styfufNQYAfyvS/LfQlrlewX4/jG\nMGXR+sWJyFyEK3qpge0A2s7s/lvKlpoYC58zD7l22xiQ3HbnZSYHE36oTkmJYpKO\np5MU6edkZaMZsHOjFw3EXY28vj80pNNOKLh5tGMTaId49pJOSmy1/mqpsBGm/Fkq\nviEuHjqkLu2B/diq835DJIU4gErAowIDAQABAoICACUYhXRl/AE22ulZHT8MDEdM\nV4g4ZrUO3G3OYO8z2tjJgRqf+NkCU4qjfzcKy9alwlB1L5908nhqLouUFfe+Q9d5\nSukYqewQzqYJsgIN0otTK2XEBdgwTWKk/wYrspRJ39UomiqAb5Aj9scjqbm2/l2a\nespbY2Pzo2YA911eOXdyvYxx6iQez0YwuTH5y3AxIuc83SfZoJvjnn+t5FEnyRFX\nMXojd5cDqtbf/JV/1BzRF9KwNevb3Om4SI8XDMKkQjS/BfeoleEsM60xXYfzq6cB\nHE2TGmUeqxamXuRJNUtcZ+f542JWU1lmSQzVyI313S7CmNohu10F6xAYTjawpTH3\n1gKYncfjo6XrDMI47zPf6O04fyqXkrm1Bs1gz/Ut+97kGmgHa1kRUfz3e8YLSL3z\nTzzn3AMF52Mrx5p2x1FWHU4eots7T13oq4SX3c1oED+Gn8vCGwJn+nADdIg+cg0w\noEkzib+Fvn2dzv+jetcB9HiDE4cCYG9YNxMDJaygdmLbfvGiJhaIOEEUBjUwQKYZ\nz1BMeN0dvy64LUER+jyLGFTg665QK6Ed54tcSvRE0V4tu0UyqN19KSM05Sp6YyJC\nCYppPAS/PDbE7BRjDo0XE4NjLmYY0FAlyvvG3ec1gD2KFw0lp+7MtcKZaTtG/WZU\nqRHpFhLaax9NQCSunNTRAoIBAQDqwdKNoi+z4nZ+wMH3Hy9cj4nHyTDP6ydXUv3a\n7e5ij11z8vfceosvL06JT3iti+NvZ/jMbRk3rZystJHBiJmZukHIRHzUbL3SUX2K\nnJ6MvS2Art0YqEtTgQHgAi0SVq5AYaUmbWX2yZP6iiy4uFV6qXytvrllpsulPyHQ\n8JZYfD2hhG2fv7/s2BuzPWjYqk1IraxTdxLWZhgvpnlLZBLkLoXjiU/ZXP9LFcth\n9I/YljZg0dwA0OI2E0M5F9kp2gC4YuHRuu2ma4/ztExa5FC3vbYUAIxkmpGbDZ1N\nPpQUb8J5h8UkTeESKgkmoe4AS61LnFIkA5zsp1l26LfSFAPtAoIBAQD7xR4KhjaM\nPce9KNts7LDOIRVzueQ8OzIUJvP0Y3F85d8+hvWXBJCUTwEzhmhgJ8Q+aDDXMrpg\nCe2x/9ujfZjQh9FNp3HoXxhdK0q9ZLPW5Gw4YxduxdzJNpNJUndV3kzTMDwDZY6l\n4SpBWHlMXvSIcXlO4zfOnAps8cHhlneFi7+aB3f6jlnaqf6NH6EJ2PRhNepG8YLE\ntNijeenrlOcrUwRXbkEO7epr3i0ZHBL/B3PAsRpYHkJgs/43rJnYtq3MX9xkLmB3\nE71CcbHCJaUEXC7w7+jbhAXDSUtNrjaBdt9VH8mLAlb9eUxNi65jcqbm1SLEfLVT\nkTG6dheWf2TPAoIBAEVlKEWf9PP69MZBWtUfTdPRxovdaGV+APIqYUpPXVGbSafV\n4fk17GD1XgTvDiBXItMy6/QaKAMyegb/lbqdE7LCwWFfBXuR7Yb3eeH4rFG0Nng8\nuLTqQuIbV5+NZR9vqjDz7Grwmdya9/hu0guEyhfpdCa0I3/uD3L4t5lZFUhw6ZMO\nX42ClEyCEaYpeA3cQd5DIJbHszTXlzy2vFJR8der/P4nAAikGf9rIOUC82a1+Lsk\nLiG7nbMYfJ2q9BIQFHhtGo3x8QBp+XK0EIIpzcaS+PjutJGks3gfTSmhXwqvgtCE\nFv3FW8wPywa1hXJm7IJWYl2tB71ZNvQUlQovyn0CggEALhuBTugZYUGHLMsotB/8\nmSNR7GmktKsalrozfxQfGoJ2idrpawi4+ZAmZis9Pi7KL6uhFigCHchzsV9r99ru\ne3IEELaTk7yml5lwDJM+pCIc946eIfk2X9sQyiLCHAWkCCETPIQCxbogpOrw+91/\n5uTxFFNkSwAkoKL9oLSPmvNm2Wx4ungLWJI9PdcHBOioiIz5JJjiG+gKrJWNE0mn\ntDV13BUi8Pr9LVf45lpP2EijGCzW6EBSY6dS7Rs86YU6+uyrTeV4YRZKWLq9lRKT\nz+KZ7iHhgSICdCseEVHQRZFhgRNbM4vwJmdqY+EqxKegjTGHNnioNG+orb8mvrcB\n3QKCAQBEVQPjv49ynyKYoQL6aVUnA/HnOjjWrDAR+NOs/Me18EIS7aOrzoIhqcTw\nW5AjBZeaCzPl2MlFLsLMOQuOD0YhtmlGTkZpWX9qaQjszn84Ahdsw+7fBtjFABq9\nXZDSICU1zCPhMRYrbIfzRSHh/rLl0YOGnVo4V7mt2HYR4ZQm1epC1KswayQ7+skj\niIVHzmfEZBvpJhGZdF16UYBSlPE0iSN/FsUNxOnVkPBdxvhApTv0Js3fkLeXEofY\n21wpnBf/fk8ySXf+tUyquLnt9e7/9iLfoKatdrjzElUmBhLtSAY1oYLl25pwvCU2\ny0oPMp35Y0F0ppgu+sKToTG0CtrQ\n-----END PRIVATE KEY-----\n",
            "public_key_fingerprint_md5": "74:24:ca:d3:93:72:d4:bc:ca:82:f3:55:cc:23:1c:28",
            "public_key_fingerprint_sha256": "SHA256:v43mmLlZj0w3rBgyLsaKKtyN9NfzY8ods+PzQ5ZXcqA",
            "public_key_openssh": "ssh-rsa AAAAB3NzaC1yc2EAAAADAQABAAACAQDm4MwkQlTgUZeo9ypB3fKQbOMVPyKbPiCw3IXyNdOr5AoE/Fcn/yNfU4fdn7MEK/qCyJ7Re05dXzolsrof5v9pAS0hr3Tb15yWJ/gd8pg3w3thFgRIseawwPn/xkEOpYP85hFJuiFej2lYHZVzsQnJqPl0y/ee7MczHJMwnO05O/nzcTVjjepvioMOUbiSkEp/326id+pZ3F5opWpQt3W+XYWZhpTxo16iLX96GjLHMGU6TL3sTW0yc3yCGwfeknkYfLw8c6mwNi/IG+Dpzvp5L+B12QDt47TcZRN3FII55xZTxbvu7SBswr74PZcpoaaMg9spV/7NgwqAvQFJ1KAjR+sdGYENKLofw68zbxHgPg+1GUp2gYJTlDwbIUeyxg29cz/Th+csaLD7zTDXWsnO97NJLGxOwKrgRDleVK573t8h6gnuAx6fY2cgkM2qovqFnT3GF3hhRKg3tJmhg3FpB4wW1sAdlrw7WR9p7vqpenZJRFo5styfufNQYAfyvS/LfQlrlewX4/jGMGXR+sWJyFyEK3qpge0A2s7s/lvKlpoYC58zD7l22xiQ3HbnZSYHE36oTkmJYpKOp5MU6edkZaMZsHOjFw3EXY28vj80pNNOKLh5tGMTaId49pJOSmy1/mqpsBGm/FkqviEuHjqkLu2B/diq835DJIU4gErAow==\n",
            "public_key_pem": "-----BEGIN PUBLIC KEY-----\nMIICIjANBgkqhkiG9w0BAQEFAAOCAg8AMIICCgKCAgEA5uDMJEJU4FGXqPcqQd3y\nkGzjFT8imz4gsNyF8jXTq+QKBPxXJ/8jX1OH3Z+zBCv6gsie0XtOXV86JbK6H+b/\naQEtIa9029eclif4HfKYN8N7YRYESLHmsMD5/8ZBDqWD/OYRSbohXo9pWB2Vc7EJ\nyaj5dMv3nuzHMxyTMJztOTv583E1Y43qb4qDDlG4kpBKf99uonfqWdxeaKVqULd1\nvl2FmYaU8aNeoi1/ehoyxzBlOky97E1tMnN8ghsH3pJ5GHy8PHOpsDYvyBvg6c76\neS/gddkA7eO03GUTdxSCOecWU8W77u0gbMK++D2XKaGmjIPbKVf+zYMKgL0BSdSg\nI0frHRmBDSi6H8OvM28R4D4PtRlKdoGCU5Q8GyFHssYNvXM/04fnLGiw+80w11rJ\nzvezSSxsTsCq4EQ5XlSue97fIeoJ7gMen2NnIJDNqqL6hZ09xhd4YUSoN7SZoYNx\naQeMFtbAHZa8O1kfae76qXp2SURaObLcn7nzUGAH8r0vy30Ja5XsF+P4xjBl0frF\nichchCt6qYHtANrO7P5bypaaGAufMw+5dtsYkNx252UmBxN+qE5JiWKSjqeTFOnn\nZGWjGbBzoxcNxF2NvL4/NKTTTii4ebRjE2iHePaSTkpstf5qqbARpvxZKr4hLh46\npC7tgf3YqvN+QySFOIBKwKMCAwEAAQ==\n-----END PUBLIC KEY-----\n",
            "rsa_bits": 4096
          },
          "sensitive_attributes": []
        }
      ]
    }
  ],
  "check_results": null
}
